
Microsoft Visual Studio Solution File, Format Version 12.00
# Visual Studio Version 17
VisualStudioVersion = 17.13.35806.99
MinimumVisualStudioVersion = 10.0.40219.1
Project("{FAE04EC0-301F-11D3-BF4B-00C04F79EFBC}") = "LibraryManagement", "Library Management\LibraryManagement.csproj", "{42B38E8E-3DB8-46AB-93FA-AE76D37F379C}"
EndProject
Project("{2150E333-8FDC-42A3-9474-1A3956D46DE8}") = "Src", "Src", "{02EA681E-C7D8-13C7-8484-4AC65E1B71E8}"
	ProjectSection(SolutionItems) = preProject
		Library Management\Dockerfile = Library Management\Dockerfile
	EndProjectSection
EndProject
Project("{2150E333-8FDC-42A3-9474-1A3956D46DE8}") = "test", "test", "{F0793D0A-8798-446F-8408-061B7906F09E}"
EndProject
Project("{FAE04EC0-301F-11D3-BF4B-00C04F79EFBC}") = "Application", "Application\Application.csproj", "{140A366B-5456-4DD6-BB14-B720FF9A2EE0}"
EndProject
Project("{FAE04EC0-301F-11D3-BF4B-00C04F79EFBC}") = "Domain", "Domain\Domain.csproj", "{E5FE3457-24D8-47E8-BDFD-EE299845A4A1}"
EndProject
Project("{FAE04EC0-301F-11D3-BF4B-00C04F79EFBC}") = "Infrastructure", "Infrastructure\Infrastructure.csproj", "{731CC499-B7C0-4597-A01B-2B3874461E4C}"
EndProject
Global
	GlobalSection(SolutionConfigurationPlatforms) = preSolution
		Debug|Any CPU = Debug|Any CPU
		Release|Any CPU = Release|Any CPU
	EndGlobalSection
	GlobalSection(ProjectConfigurationPlatforms) = postSolution
		{42B38E8E-3DB8-46AB-93FA-AE76D37F379C}.Debug|Any CPU.ActiveCfg = Debug|Any CPU
		{42B38E8E-3DB8-46AB-93FA-AE76D37F379C}.Debug|Any CPU.Build.0 = Debug|Any CPU
		{42B38E8E-3DB8-46AB-93FA-AE76D37F379C}.Release|Any CPU.ActiveCfg = Release|Any CPU
		{42B38E8E-3DB8-46AB-93FA-AE76D37F379C}.Release|Any CPU.Build.0 = Release|Any CPU
		{140A366B-5456-4DD6-BB14-B720FF9A2EE0}.Debug|Any CPU.ActiveCfg = Debug|Any CPU
		{140A366B-5456-4DD6-BB14-B720FF9A2EE0}.Debug|Any CPU.Build.0 = Debug|Any CPU
		{140A366B-5456-4DD6-BB14-B720FF9A2EE0}.Release|Any CPU.ActiveCfg = Release|Any CPU
		{140A366B-5456-4DD6-BB14-B720FF9A2EE0}.Release|Any CPU.Build.0 = Release|Any CPU
		{E5FE3457-24D8-47E8-BDFD-EE299845A4A1}.Debug|Any CPU.ActiveCfg = Debug|Any CPU
		{E5FE3457-24D8-47E8-BDFD-EE299845A4A1}.Debug|Any CPU.Build.0 = Debug|Any CPU
		{E5FE3457-24D8-47E8-BDFD-EE299845A4A1}.Release|Any CPU.ActiveCfg = Release|Any CPU
		{E5FE3457-24D8-47E8-BDFD-EE299845A4A1}.Release|Any CPU.Build.0 = Release|Any CPU
		{731CC499-B7C0-4597-A01B-2B3874461E4C}.Debug|Any CPU.ActiveCfg = Debug|Any CPU
		{731CC499-B7C0-4597-A01B-2B3874461E4C}.Debug|Any CPU.Build.0 = Debug|Any CPU
		{731CC499-B7C0-4597-A01B-2B3874461E4C}.Release|Any CPU.ActiveCfg = Release|Any CPU
		{731CC499-B7C0-4597-A01B-2B3874461E4C}.Release|Any CPU.Build.0 = Release|Any CPU
	EndGlobalSection
	GlobalSection(SolutionProperties) = preSolution
		HideSolutionNode = FALSE
	EndGlobalSection
	GlobalSection(NestedProjects) = preSolution
		{42B38E8E-3DB8-46AB-93FA-AE76D37F379C} = {02EA681E-C7D8-13C7-8484-4AC65E1B71E8}
		{140A366B-5456-4DD6-BB14-B720FF9A2EE0} = {02EA681E-C7D8-13C7-8484-4AC65E1B71E8}
		{E5FE3457-24D8-47E8-BDFD-EE299845A4A1} = {02EA681E-C7D8-13C7-8484-4AC65E1B71E8}
		{731CC499-B7C0-4597-A01B-2B3874461E4C} = {02EA681E-C7D8-13C7-8484-4AC65E1B71E8}
	EndGlobalSection
	GlobalSection(ExtensibilityGlobals) = postSolution
		SolutionGuid = {4DDC158B-9973-46E7-A746-58DB571E39C2}
	EndGlobalSection
EndGlobal
